# THIS IS AN AUTOGENERATED FILE. DO NOT EDIT THIS FILE DIRECTLY.
# yarn lockfile v1


tslib@^1.8.1:
  version "1.9.3"
  resolved "https://registry.yarnpkg.com/tslib/-/tslib-1.9.3.tgz#d7e4dd79245d85428c4d7e4822a79917954ca286"
  integrity sha512-4krF8scpejhaOgqzBEcGM7yDIEfi0/8+8zDRZhNZZ2kjmHJ4hv3zCbQWxoJGz1iw5U0Jl0nma13xzHXcncMavQ==

tslint-microsoft-contrib@^6.1.0:
  version "6.1.0"
  resolved "https://registry.yarnpkg.com/tslint-microsoft-contrib/-/tslint-microsoft-contrib-6.1.0.tgz#cc487575f2cdb8fe3774bf3f2ba61ff61dc7856e"
  integrity sha512-8DgmiPTgNQSYTjrKKv/h1aHnDd7EkGAjTxatrjfSDp5jUXENGI7Qj7qi7T8xBdTZN9Z3nb80u0NhdBBOMcQFHg==
  dependencies:
    tsutils "^2.27.2 <2.29.0"

"tsutils@^2.27.2 <2.29.0":
  version "2.28.0"
  resolved "https://registry.yarnpkg.com/tsutils/-/tsutils-2.28.0.tgz#6bd71e160828f9d019b6f4e844742228f85169a1"
  integrity sha512-bh5nAtW0tuhvOJnx1GLRn5ScraRLICGyJV5wJhtRWOLsxW70Kk5tZtpK3O/hW6LDnqKS9mlUMPZj9fEMJ0gxqA==
  dependencies:
    tslib "^1.8.1"
